dependencies:
  capnweb:
    component_hash: e25e2ac663f3d2d08b5592fd20dea8e9a321b0b39b6eb56795e448da8a1ade66
    dependencies:
    - name: idf
      version: '>=5.4'
    source:
      git: https://github.com/iterate/capnweb.git
      path: c
      type: git
    version: a9e3703f62eb09d21d8b3af3abf666180f4609a7
  espressif/esp_codec_dev:
    component_hash: df70f10af8d7b922add7b9d07372c9c97ab356e58d72b7a892050227c2d44348
    dependencies:
    - name: idf
      require: private
      version: '>=4.0'
    source:
      registry_url: https://components.espressif.com/
      type: service
    version: 1.5.11
  espressif/led_strip:
    component_hash: 28621486f77229aaf81c71f5e15d6fbf36c2949cf11094e07090593e659e7639
    dependencies:
    - name: idf
      require: private
      version: '>=5.0'
    source:
      registry_url: https://components.espressif.com/
      type: service
    version: 3.0.3
  idf:
    source:
      type: idf
    version: 6.1.0
direct_dependencies:
- capnweb
- espressif/esp_codec_dev
- espressif/led_strip
- idf
manifest_hash: 37eb107b23d1fe8298fcaf096c3173e76df1cc8ffb57b56f7f9e2e7120a426ec
target: esp32s3
version: 3.0.0
